
Microsoft Visual Studio Solution File, Format Version 12.00
# Visual Studio Version 16
VisualStudioVersion = 16.0.32510.428
MinimumVisualStudioVersion = 10.0.40219.1
Project("{FAE04EC0-301F-11D3-BF4B-00C04F79EFBC}") = "XamSignalRClient.UWP", "XamSignalRClient\XamSignalRClient.UWP\XamSignalRClient.UWP.csproj", "{CE11E8B6-A806-47B6-B5CA-41D69295D898}"
EndProject
Project("{FAE04EC0-301F-11D3-BF4B-00C04F79EFBC}") = "XamSignalRClient.Android", "XamSignalRClient\XamSignalRClient.Android\XamSignalRClient.Android.csproj", "{F2C8BCAB-DA20-4E26-91CB-93C83D7B3BC7}"
EndProject
Project("{FAE04EC0-301F-11D3-BF4B-00C04F79EFBC}") = "XamSignalRClient.iOS", "XamSignalRClient\XamSignalRClient.iOS\XamSignalRClient.iOS.csproj", "{47FBC6D6-161A-4F76-84D8-1490E009E8F8}"
EndProject
Project("{FAE04EC0-301F-11D3-BF4B-00C04F79EFBC}") = "XamSignalRClient", "XamSignalRClient\XamSignalRClient\XamSignalRClient.csproj", "{F8A06F15-9446-4E7E-ACC2-5241F60937DC}"
EndProject
Global
	GlobalSection(SolutionConfigurationPlatforms) = preSolution
		Debug|Any CPU = Debug|Any CPU
		Debug|ARM = Debug|ARM
		Debug|iPhone = Debug|iPhone
		Debug|iPhoneSimulator = Debug|iPhoneSimulator
		Debug|x64 = Debug|x64
		Debug|x86 = Debug|x86
		Release|Any CPU = Release|Any CPU
		Release|ARM = Release|ARM
		Release|iPhone = Release|iPhone
		Release|iPhoneSimulator = Release|iPhoneSimulator
		Release|x64 = Release|x64
		Release|x86 = Release|x86
	EndGlobalSection
	GlobalSection(ProjectConfigurationPlatforms) = postSolution
		{CE11E8B6-A806-47B6-B5CA-41D69295D898}.Debug|Any CPU.ActiveCfg = Debug|x86
		{CE11E8B6-A806-47B6-B5CA-41D69295D898}.Debug|Any CPU.Build.0 = Debug|x86
		{CE11E8B6-A806-47B6-B5CA-41D69295D898}.Debug|Any CPU.Deploy.0 = Debug|x86
		{CE11E8B6-A806-47B6-B5CA-41D69295D898}.Debug|ARM.ActiveCfg = Debug|ARM
		{CE11E8B6-A806-47B6-B5CA-41D69295D898}.Debug|ARM.Build.0 = Debug|ARM
		{CE11E8B6-A806-47B6-B5CA-41D69295D898}.Debug|ARM.Deploy.0 = Debug|ARM
		{CE11E8B6-A806-47B6-B5CA-41D69295D898}.Debug|iPhone.ActiveCfg = Debug|x86
		{CE11E8B6-A806-47B6-B5CA-41D69295D898}.Debug|iPhone.Build.0 = Debug|x86
		{CE11E8B6-A806-47B6-B5CA-41D69295D898}.Debug|iPhone.Deploy.0 = Debug|x86
		{CE11E8B6-A806-47B6-B5CA-41D69295D898}.Debug|iPhoneSimulator.ActiveCfg = Debug|x86
		{CE11E8B6-A806-47B6-B5CA-41D69295D898}.Debug|iPhoneSimulator.Build.0 = Debug|x86
		{CE11E8B6-A806-47B6-B5CA-41D69295D898}.Debug|iPhoneSimulator.Deploy.0 = Debug|x86
		{CE11E8B6-A806-47B6-B5CA-41D69295D898}.Debug|x64.ActiveCfg = Debug|x64
		{CE11E8B6-A806-47B6-B5CA-41D69295D898}.Debug|x64.Build.0 = Debug|x64
		{CE11E8B6-A806-47B6-B5CA-41D69295D898}.Debug|x64.Deploy.0 = Debug|x64
		{CE11E8B6-A806-47B6-B5CA-41D69295D898}.Debug|x86.ActiveCfg = Debug|x86
		{CE11E8B6-A806-47B6-B5CA-41D69295D898}.Debug|x86.Build.0 = Debug|x86
		{CE11E8B6-A806-47B6-B5CA-41D69295D898}.Debug|x86.Deploy.0 = Debug|x86
		{CE11E8B6-A806-47B6-B5CA-41D69295D898}.Release|Any CPU.ActiveCfg = Release|x86
		{CE11E8B6-A806-47B6-B5CA-41D69295D898}.Release|Any CPU.Build.0 = Release|x86
		{CE11E8B6-A806-47B6-B5CA-41D69295D898}.Release|Any CPU.Deploy.0 = Release|x86
		{CE11E8B6-A806-47B6-B5CA-41D69295D898}.Release|ARM.ActiveCfg = Release|ARM
		{CE11E8B6-A806-47B6-B5CA-41D69295D898}.Release|ARM.Build.0 = Release|ARM
		{CE11E8B6-A806-47B6-B5CA-41D69295D898}.Release|ARM.Deploy.0 = Release|ARM
		{CE11E8B6-A806-47B6-B5CA-41D69295D898}.Release|iPhone.ActiveCfg = Release|x86
		{CE11E8B6-A806-47B6-B5CA-41D69295D898}.Release|iPhone.Build.0 = Release|x86
		{CE11E8B6-A806-47B6-B5CA-41D69295D898}.Release|iPhone.Deploy.0 = Release|x86
		{CE11E8B6-A806-47B6-B5CA-41D69295D898}.Release|iPhoneSimulator.ActiveCfg = Release|x86
		{CE11E8B6-A806-47B6-B5CA-41D69295D898}.Release|iPhoneSimulator.Build.0 = Release|x86
		{CE11E8B6-A806-47B6-B5CA-41D69295D898}.Release|iPhoneSimulator.Deploy.0 = Release|x86
		{CE11E8B6-A806-47B6-B5CA-41D69295D898}.Release|x64.ActiveCfg = Release|x64
		{CE11E8B6-A806-47B6-B5CA-41D69295D898}.Release|x64.Build.0 = Release|x64
		{CE11E8B6-A806-47B6-B5CA-41D69295D898}.Release|x64.Deploy.0 = Release|x64
		{CE11E8B6-A806-47B6-B5CA-41D69295D898}.Release|x86.ActiveCfg = Release|x86
		{CE11E8B6-A806-47B6-B5CA-41D69295D898}.Release|x86.Build.0 = Release|x86
		{CE11E8B6-A806-47B6-B5CA-41D69295D898}.Release|x86.Deploy.0 = Release|x86
		{F2C8BCAB-DA20-4E26-91CB-93C83D7B3BC7}.Debug|Any CPU.ActiveCfg = Debug|Any CPU
		{F2C8BCAB-DA20-4E26-91CB-93C83D7B3BC7}.Debug|Any CPU.Build.0 = Debug|Any CPU
		{F2C8BCAB-DA20-4E26-91CB-93C83D7B3BC7}.Debug|Any CPU.Deploy.0 = Debug|Any CPU
		{F2C8BCAB-DA20-4E26-91CB-93C83D7B3BC7}.Debug|ARM.ActiveCfg = Debug|Any CPU
		{F2C8BCAB-DA20-4E26-91CB-93C83D7B3BC7}.Debug|ARM.Build.0 = Debug|Any CPU
		{F2C8BCAB-DA20-4E26-91CB-93C83D7B3BC7}.Debug|ARM.Deploy.0 = Debug|Any CPU
		{F2C8BCAB-DA20-4E26-91CB-93C83D7B3BC7}.Debug|iPhone.ActiveCfg = Debug|Any CPU
		{F2C8BCAB-DA20-4E26-91CB-93C83D7B3BC7}.Debug|iPhone.Build.0 = Debug|Any CPU
		{F2C8BCAB-DA20-4E26-91CB-93C83D7B3BC7}.Debug|iPhone.Deploy.0 = Debug|Any CPU
		{F2C8BCAB-DA20-4E26-91CB-93C83D7B3BC7}.Debug|iPhoneSimulator.ActiveCfg = Debug|Any CPU
		{F2C8BCAB-DA20-4E26-91CB-93C83D7B3BC7}.Debug|iPhoneSimulator.Build.0 = Debug|Any CPU
		{F2C8BCAB-DA20-4E26-91CB-93C83D7B3BC7}.Debug|iPhoneSimulator.Deploy.0 = Debug|Any CPU
		{F2C8BCAB-DA20-4E26-91CB-93C83D7B3BC7}.Debug|x64.ActiveCfg = Debug|Any CPU
		{F2C8BCAB-DA20-4E26-91CB-93C83D7B3BC7}.Debug|x64.Build.0 = Debug|Any CPU
		{F2C8BCAB-DA20-4E26-91CB-93C83D7B3BC7}.Debug|x64.Deploy.0 = Debug|Any CPU
		{F2C8BCAB-DA20-4E26-91CB-93C83D7B3BC7}.Debug|x86.ActiveCfg = Debug|Any CPU
		{F2C8BCAB-DA20-4E26-91CB-93C83D7B3BC7}.Debug|x86.Build.0 = Debug|Any CPU
		{F2C8BCAB-DA20-4E26-91CB-93C83D7B3BC7}.Debug|x86.Deploy.0 = Debug|Any CPU
		{F2C8BCAB-DA20-4E26-91CB-93C83D7B3BC7}.Release|Any CPU.ActiveCfg = Release|Any CPU
		{F2C8BCAB-DA20-4E26-91CB-93C83D7B3BC7}.Release|Any CPU.Build.0 = Release|Any CPU
		{F2C8BCAB-DA20-4E26-91CB-93C83D7B3BC7}.Release|Any CPU.Deploy.0 = Release|Any CPU
		{F2C8BCAB-DA20-4E26-91CB-93C83D7B3BC7}.Release|ARM.ActiveCfg = Release|Any CPU
		{F2C8BCAB-DA20-4E26-91CB-93C83D7B3BC7}.Release|ARM.Build.0 = Release|Any CPU
		{F2C8BCAB-DA20-4E26-91CB-93C83D7B3BC7}.Release|ARM.Deploy.0 = Release|Any CPU
		{F2C8BCAB-DA20-4E26-91CB-93C83D7B3BC7}.Release|iPhone.ActiveCfg = Release|Any CPU
		{F2C8BCAB-DA20-4E26-91CB-93C83D7B3BC7}.Release|iPhone.Build.0 = Release|Any CPU
		{F2C8BCAB-DA20-4E26-91CB-93C83D7B3BC7}.Release|iPhone.Deploy.0 = Release|Any CPU
		{F2C8BCAB-DA20-4E26-91CB-93C83D7B3BC7}.Release|iPhoneSimulator.ActiveCfg = Release|Any CPU
		{F2C8BCAB-DA20-4E26-91CB-93C83D7B3BC7}.Release|iPhoneSimulator.Build.0 = Release|Any CPU
		{F2C8BCAB-DA20-4E26-91CB-93C83D7B3BC7}.Release|iPhoneSimulator.Deploy.0 = Release|Any CPU
		{F2C8BCAB-DA20-4E26-91CB-93C83D7B3BC7}.Release|x64.ActiveCfg = Release|Any CPU
		{F2C8BCAB-DA20-4E26-91CB-93C83D7B3BC7}.Release|x64.Build.0 = Release|Any CPU
		{F2C8BCAB-DA20-4E26-91CB-93C83D7B3BC7}.Release|x64.Deploy.0 = Release|Any CPU
		{F2C8BCAB-DA20-4E26-91CB-93C83D7B3BC7}.Release|x86.ActiveCfg = Release|Any CPU
		{F2C8BCAB-DA20-4E26-91CB-93C83D7B3BC7}.Release|x86.Build.0 = Release|Any CPU
		{F2C8BCAB-DA20-4E26-91CB-93C83D7B3BC7}.Release|x86.Deploy.0 = Release|Any CPU
		{47FBC6D6-161A-4F76-84D8-1490E009E8F8}.Debug|Any CPU.ActiveCfg = Debug|iPhoneSimulator
		{47FBC6D6-161A-4F76-84D8-1490E009E8F8}.Debug|Any CPU.Build.0 = Debug|iPhoneSimulator
		{47FBC6D6-161A-4F76-84D8-1490E009E8F8}.Debug|Any CPU.Deploy.0 = Debug|iPhoneSimulator
		{47FBC6D6-161A-4F76-84D8-1490E009E8F8}.Debug|ARM.ActiveCfg = Debug|iPhone
		{47FBC6D6-161A-4F76-84D8-1490E009E8F8}.Debug|ARM.Build.0 = Debug|iPhone
		{47FBC6D6-161A-4F76-84D8-1490E009E8F8}.Debug|ARM.Deploy.0 = Debug|iPhone
		{47FBC6D6-161A-4F76-84D8-1490E009E8F8}.Debug|iPhone.ActiveCfg = Debug|iPhone
		{47FBC6D6-161A-4F76-84D8-1490E009E8F8}.Debug|iPhone.Build.0 = Debug|iPhone
		{47FBC6D6-161A-4F76-84D8-1490E009E8F8}.Debug|iPhone.Deploy.0 = Debug|iPhone
		{47FBC6D6-161A-4F76-84D8-1490E009E8F8}.Debug|iPhoneSimulator.ActiveCfg = Debug|iPhoneSimulator
		{47FBC6D6-161A-4F76-84D8-1490E009E8F8}.Debug|iPhoneSimulator.Build.0 = Debug|iPhoneSimulator
		{47FBC6D6-161A-4F76-84D8-1490E009E8F8}.Debug|iPhoneSimulator.Deploy.0 = Debug|iPhoneSimulator
		{47FBC6D6-161A-4F76-84D8-1490E009E8F8}.Debug|x64.ActiveCfg = Debug|iPhoneSimulator
		{47FBC6D6-161A-4F76-84D8-1490E009E8F8}.Debug|x64.Build.0 = Debug|iPhoneSimulator
		{47FBC6D6-161A-4F76-84D8-1490E009E8F8}.Debug|x64.Deploy.0 = Debug|iPhoneSimulator
		{47FBC6D6-161A-4F76-84D8-1490E009E8F8}.Debug|x86.ActiveCfg = Debug|iPhoneSimulator
		{47FBC6D6-161A-4F76-84D8-1490E009E8F8}.Debug|x86.Build.0 = Debug|iPhoneSimulator
		{47FBC6D6-161A-4F76-84D8-1490E009E8F8}.Debug|x86.Deploy.0 = Debug|iPhoneSimulator
		{47FBC6D6-161A-4F76-84D8-1490E009E8F8}.Release|Any CPU.ActiveCfg = Release|iPhoneSimulator
		{47FBC6D6-161A-4F76-84D8-1490E009E8F8}.Release|Any CPU.Build.0 = Release|iPhoneSimulator
		{47FBC6D6-161A-4F76-84D8-1490E009E8F8}.Release|Any CPU.Deploy.0 = Release|iPhoneSimulator
		{47FBC6D6-161A-4F76-84D8-1490E009E8F8}.Release|ARM.ActiveCfg = Release|iPhoneSimulator
		{47FBC6D6-161A-4F76-84D8-1490E009E8F8}.Release|ARM.Build.0 = Release|iPhoneSimulator
		{47FBC6D6-161A-4F76-84D8-1490E009E8F8}.Release|ARM.Deploy.0 = Release|iPhoneSimulator
		{47FBC6D6-161A-4F76-84D8-1490E009E8F8}.Release|iPhone.ActiveCfg = Release|iPhone
		{47FBC6D6-161A-4F76-84D8-1490E009E8F8}.Release|iPhone.Build.0 = Release|iPhone
		{47FBC6D6-161A-4F76-84D8-1490E009E8F8}.Release|iPhone.Deploy.0 = Release|iPhone
		{47FBC6D6-161A-4F76-84D8-1490E009E8F8}.Release|iPhoneSimulator.ActiveCfg = Release|iPhoneSimulator
		{47FBC6D6-161A-4F76-84D8-1490E009E8F8}.Release|iPhoneSimulator.Build.0 = Release|iPhoneSimulator
		{47FBC6D6-161A-4F76-84D8-1490E009E8F8}.Release|iPhoneSimulator.Deploy.0 = Release|iPhoneSimulator
		{47FBC6D6-161A-4F76-84D8-1490E009E8F8}.Release|x64.ActiveCfg = Release|iPhoneSimulator
		{47FBC6D6-161A-4F76-84D8-1490E009E8F8}.Release|x64.Build.0 = Release|iPhoneSimulator
		{47FBC6D6-161A-4F76-84D8-1490E009E8F8}.Release|x64.Deploy.0 = Release|iPhoneSimulator
		{47FBC6D6-161A-4F76-84D8-1490E009E8F8}.Release|x86.ActiveCfg = Release|iPhoneSimulator
		{47FBC6D6-161A-4F76-84D8-1490E009E8F8}.Release|x86.Build.0 = Release|iPhoneSimulator
		{47FBC6D6-161A-4F76-84D8-1490E009E8F8}.Release|x86.Deploy.0 = Release|iPhoneSimulator
		{F8A06F15-9446-4E7E-ACC2-5241F60937DC}.Debug|Any CPU.ActiveCfg = Debug|Any CPU
		{F8A06F15-9446-4E7E-ACC2-5241F60937DC}.Debug|Any CPU.Build.0 = Debug|Any CPU
		{F8A06F15-9446-4E7E-ACC2-5241F60937DC}.Debug|Any CPU.Deploy.0 = Debug|Any CPU
		{F8A06F15-9446-4E7E-ACC2-5241F60937DC}.Debug|ARM.ActiveCfg = Debug|Any CPU
		{F8A06F15-9446-4E7E-ACC2-5241F60937DC}.Debug|ARM.Build.0 = Debug|Any CPU
		{F8A06F15-9446-4E7E-ACC2-5241F60937DC}.Debug|ARM.Deploy.0 = Debug|Any CPU
		{F8A06F15-9446-4E7E-ACC2-5241F60937DC}.Debug|iPhone.ActiveCfg = Debug|Any CPU
		{F8A06F15-9446-4E7E-ACC2-5241F60937DC}.Debug|iPhone.Build.0 = Debug|Any CPU
		{F8A06F15-9446-4E7E-ACC2-5241F60937DC}.Debug|iPhone.Deploy.0 = Debug|Any CPU
		{F8A06F15-9446-4E7E-ACC2-5241F60937DC}.Debug|iPhoneSimulator.ActiveCfg = Debug|Any CPU
		{F8A06F15-9446-4E7E-ACC2-5241F60937DC}.Debug|iPhoneSimulator.Build.0 = Debug|Any CPU
		{F8A06F15-9446-4E7E-ACC2-5241F60937DC}.Debug|iPhoneSimulator.Deploy.0 = Debug|Any CPU
		{F8A06F15-9446-4E7E-ACC2-5241F60937DC}.Debug|x64.ActiveCfg = Debug|Any CPU
		{F8A06F15-9446-4E7E-ACC2-5241F60937DC}.Debug|x64.Build.0 = Debug|Any CPU
		{F8A06F15-9446-4E7E-ACC2-5241F60937DC}.Debug|x64.Deploy.0 = Debug|Any CPU
		{F8A06F15-9446-4E7E-ACC2-5241F60937DC}.Debug|x86.ActiveCfg = Debug|Any CPU
		{F8A06F15-9446-4E7E-ACC2-5241F60937DC}.Debug|x86.Build.0 = Debug|Any CPU
		{F8A06F15-9446-4E7E-ACC2-5241F60937DC}.Debug|x86.Deploy.0 = Debug|Any CPU
		{F8A06F15-9446-4E7E-ACC2-5241F60937DC}.Release|Any CPU.ActiveCfg = Release|Any CPU
		{F8A06F15-9446-4E7E-ACC2-5241F60937DC}.Release|Any CPU.Build.0 = Release|Any CPU
		{F8A06F15-9446-4E7E-ACC2-5241F60937DC}.Release|Any CPU.Deploy.0 = Release|Any CPU
		{F8A06F15-9446-4E7E-ACC2-5241F60937DC}.Release|ARM.ActiveCfg = Release|Any CPU
		{F8A06F15-9446-4E7E-ACC2-5241F60937DC}.Release|ARM.Build.0 = Release|Any CPU
		{F8A06F15-9446-4E7E-ACC2-5241F60937DC}.Release|ARM.Deploy.0 = Release|Any CPU
		{F8A06F15-9446-4E7E-ACC2-5241F60937DC}.Release|iPhone.ActiveCfg = Release|Any CPU
		{F8A06F15-9446-4E7E-ACC2-5241F60937DC}.Release|iPhone.Build.0 = Release|Any CPU
		{F8A06F15-9446-4E7E-ACC2-5241F60937DC}.Release|iPhone.Deploy.0 = Release|Any CPU
		{F8A06F15-9446-4E7E-ACC2-5241F60937DC}.Release|iPhoneSimulator.ActiveCfg = Release|Any CPU
		{F8A06F15-9446-4E7E-ACC2-5241F60937DC}.Release|iPhoneSimulator.Build.0 = Release|Any CPU
		{F8A06F15-9446-4E7E-ACC2-5241F60937DC}.Release|iPhoneSimulator.Deploy.0 = Release|Any CPU
		{F8A06F15-9446-4E7E-ACC2-5241F60937DC}.Release|x64.ActiveCfg = Release|Any CPU
		{F8A06F15-9446-4E7E-ACC2-5241F60937DC}.Release|x64.Build.0 = Release|Any CPU
		{F8A06F15-9446-4E7E-ACC2-5241F60937DC}.Release|x64.Deploy.0 = Release|Any CPU
		{F8A06F15-9446-4E7E-ACC2-5241F60937DC}.Release|x86.ActiveCfg = Release|Any CPU
		{F8A06F15-9446-4E7E-ACC2-5241F60937DC}.Release|x86.Build.0 = Release|Any CPU
		{F8A06F15-9446-4E7E-ACC2-5241F60937DC}.Release|x86.Deploy.0 = Release|Any CPU
	EndGlobalSection
	GlobalSection(SolutionProperties) = preSolution
		HideSolutionNode = FALSE
	EndGlobalSection
	GlobalSection(ExtensibilityGlobals) = postSolution
		SolutionGuid = {026F3E4E-4092-4815-BDB1-DC51E90328C0}
	EndGlobalSection
EndGlobal
