
Microsoft Visual Studio Solution File, Format Version 12.00
# Visual Studio Version 16
VisualStudioVersion = 16.0.32510.428
MinimumVisualStudioVersion = 10.0.40219.1
Project("{FAE04EC0-301F-11D3-BF4B-00C04F79EFBC}") = "SignalRService", "SignalRService\SignalRService.csproj", "{4F0B4576-B72E-4936-BEE9-0B3AFCBDE11A}"
EndProject
Global
	GlobalSection(SolutionConfigurationPlatforms) = preSolution
		Debug|Any CPU = Debug|Any CPU
		Release|Any CPU = Release|Any CPU
	EndGlobalSection
	GlobalSection(ProjectConfigurationPlatforms) = postSolution
		{4F0B4576-B72E-4936-BEE9-0B3AFCBDE11A}.Debug|Any CPU.ActiveCfg = Debug|Any CPU
		{4F0B4576-B72E-4936-BEE9-0B3AFCBDE11A}.Debug|Any CPU.Build.0 = Debug|Any CPU
		{4F0B4576-B72E-4936-BEE9-0B3AFCBDE11A}.Release|Any CPU.ActiveCfg = Release|Any CPU
		{4F0B4576-B72E-4936-BEE9-0B3AFCBDE11A}.Release|Any CPU.Build.0 = Release|Any CPU
	EndGlobalSection
	GlobalSection(SolutionProperties) = preSolution
		HideSolutionNode = FALSE
	EndGlobalSection
	GlobalSection(ExtensibilityGlobals) = postSolution
		SolutionGuid = {A0A99D78-B3B5-4027-8107-B23E0DD1C1C1}
	EndGlobalSection
EndGlobal
